# This file was autogenerated by Stack.
# You should not edit this file by hand.
# For more information, please see the documentation at:
#   https://docs.haskellstack.org/en/stable/lock_files

packages:
- completed:
    hackage: floskell-0.11.1@sha256:605dcba736400498c2c1701221f4c86091bc27b6569e6222906bf1624a164e22,3789
    pantry-tree:
      sha256: 50f5cd0c469eadbc5ee96cda12aa4043552730ba561ac379d7df9b1a57f53754
      size: 1901
  original:
    hackage: floskell-0.11.1
- completed:
    hackage: ghcide-2.9.0.0@sha256:6dbc35ab5a47b5baf9ddfa9cc02773420a856bb29885c9bc6976dd13e0c048ff,7151
    pantry-tree:
      sha256: 68a60bd6e8cf5bdeb5d8a9bd198550114706b1853eee7e1d01238145eca99852
      size: 12196
  original:
    hackage: ghcide-2.9.0.0
- completed:
    hackage: hie-compat-0.3.1.2@sha256:74a8585a90e3c06667134939cd170cff24067d5a988e14829785af0dfa6bd10f,1535
    pantry-tree:
      sha256: ae260dbc3c104bca9443d91350c781e1a4d5f93579247c50dfe6944240e5bf4f
      size: 1019
  original:
    hackage: hie-compat-0.3.1.2
- completed:
    hackage: hiedb-0.6.0.1@sha256:7398fe3115c239f421286dbb1db3b5ac359568955e7585bcf27a45c99420b46f,2962
    pantry-tree:
      sha256: 2009246ce99ad0b351454ef4aac746ed80846ae648fa98e7205192e8bde7ba79
      size: 1020
  original:
    hackage: hiedb-0.6.0.1
- completed:
    hackage: hls-graph-2.9.0.0@sha256:0dbc7c10a95bd5df1b63f8f5ebd907fc57eb46bceb3f12497405c0f1d42f136b,3306
    pantry-tree:
      sha256: dcb6bd0b37c31449fd9a3a128aaf1045093b2430cb152723a94754ca8364907a
      size: 1807
  original:
    hackage: hls-graph-2.9.0.0
- completed:
    hackage: hls-plugin-api-2.9.0.0@sha256:aba18f5503aab28a28943cc24fe3411a941f761a91d48d582a513f54d75e4011,3416
    pantry-tree:
      sha256: 8dbfb781e48e418edca27d8dc4d70dce1205a69037f6b18aa902e5eba92a3097
      size: 1012
  original:
    hackage: hls-plugin-api-2.9.0.0
- completed:
    hackage: hls-test-utils-2.9.0.0@sha256:b2f92198fbb3c631694a76568d13bf2d45bf723e547aaa9f786ba385de8ec76e,1693
    pantry-tree:
      sha256: dd288c8458120d18ff018b1bff1e366b933686f30ac0d21bfe8c2b0d92c4157b
      size: 447
  original:
    hackage: hls-test-utils-2.9.0.0
- completed:
    hackage: retrie-1.2.3@sha256:5890082d1aad72f4cf2c69502ad37fd03779212bdcf0ffd68dbb8286ca91aba3,4325
    pantry-tree:
      sha256: 33f5221b17620d259c8d1abfc77459c3e412f05102ecc22626b3287a9e9cd320
      size: 5930
  original:
    hackage: retrie-1.2.3
- completed:
    hackage: stan-0.1.3.0@sha256:889f8d1b53c2843eb23349cfdb7dd7e0c6a6a191dd08967b50c2214fe8ed8760,8621
    pantry-tree:
      sha256: 465ea6f92221157bc623467b96e652efe00aa8aea377027209ce6e763a7325ad
      size: 5537
  original:
    hackage: stan-0.1.3.0
- completed:
    hackage: trial-0.0.0.0@sha256:eaefa22bf10b04a9149ef0231cfd5e42ff47534221d4cf4ad3d7653090c54d23,4410
    pantry-tree:
      sha256: 11368b6c909d6690c006c8b8f4a836fa21b1970440f639366cf3c7f6d55a01b6
      size: 561
  original:
    hackage: trial-0.0.0.0
snapshots:
- completed:
    sha256: 18514ff1ed00330c922bd8d28d88a54670a9849f17eb07dc78391a94d576749d
    size: 678854
    url: https://raw.githubusercontent.com/commercialhaskell/stackage-snapshots/master/lts/23/1.yaml
  original:
    url: https://raw.githubusercontent.com/commercialhaskell/stackage-snapshots/master/lts/23/1.yaml
